
Microsoft Visual Studio Solution File, Format Version 12.00
# Visual Studio 14
VisualStudioVersion = 14.0.25123.0
MinimumVisualStudioVersion = 10.0.40219.1
Project("{8BC9CEB8-8B4A-11D0-8D11-00A0C91BC942}") = "1-HelloAIE", "1-HelloAIE\1-HelloAIE.vcxproj", "{AF3C8656-8B45-4DF5-85DD-FC771CE1EA24}"
EndProject
Project("{8BC9CEB8-8B4A-11D0-8D11-00A0C91BC942}") = "2-Variables", "2-Variables\2-Variables.vcxproj", "{D4B493D7-087A-4436-B3A3-5DB401854544}"
EndProject
Project("{8BC9CEB8-8B4A-11D0-8D11-00A0C91BC942}") = "3-Conditions", "3-Conditions\3-Conditions.vcxproj", "{73FDBD15-0FAA-478A-9146-DB27014C5825}"
EndProject
Project("{8BC9CEB8-8B4A-11D0-8D11-00A0C91BC942}") = "4-Functions", "4-Functions\4-Functions.vcxproj", "{593BC95C-3D6F-4C78-89E4-240348545859}"
EndProject
Project("{8BC9CEB8-8B4A-11D0-8D11-00A0C91BC942}") = "5-Multifile", "5-Multifile\5-Multifile.vcxproj", "{47110A7D-E22B-4E0A-886E-D21A530AF642}"
EndProject
Project("{8BC9CEB8-8B4A-11D0-8D11-00A0C91BC942}") = "6-Loops", "6-Loops\6-Loops.vcxproj", "{A5443F95-1CE8-4E8A-BBA2-4FD3B8DB945D}"
EndProject
Project("{8BC9CEB8-8B4A-11D0-8D11-00A0C91BC942}") = "7-Arrays", "7-Arrays\7-Arrays.vcxproj", "{AB6DD421-D52D-49D5-9BFE-0F1D00A5F55E}"
EndProject
Project("{8BC9CEB8-8B4A-11D0-8D11-00A0C91BC942}") = "8-Structs", "8-Structs\8-Structs.vcxproj", "{83D89207-1AB2-4A8C-B769-F6CCA7892A9C}"
EndProject
Global
	GlobalSection(SolutionConfigurationPlatforms) = preSolution
		Debug|x64 = Debug|x64
		Debug|x86 = Debug|x86
		Release|x64 = Release|x64
		Release|x86 = Release|x86
	EndGlobalSection
	GlobalSection(ProjectConfigurationPlatforms) = postSolution
		{AF3C8656-8B45-4DF5-85DD-FC771CE1EA24}.Debug|x64.ActiveCfg = Debug|x64
		{AF3C8656-8B45-4DF5-85DD-FC771CE1EA24}.Debug|x64.Build.0 = Debug|x64
		{AF3C8656-8B45-4DF5-85DD-FC771CE1EA24}.Debug|x86.ActiveCfg = Debug|Win32
		{AF3C8656-8B45-4DF5-85DD-FC771CE1EA24}.Debug|x86.Build.0 = Debug|Win32
		{AF3C8656-8B45-4DF5-85DD-FC771CE1EA24}.Release|x64.ActiveCfg = Release|x64
		{AF3C8656-8B45-4DF5-85DD-FC771CE1EA24}.Release|x64.Build.0 = Release|x64
		{AF3C8656-8B45-4DF5-85DD-FC771CE1EA24}.Release|x86.ActiveCfg = Release|Win32
		{AF3C8656-8B45-4DF5-85DD-FC771CE1EA24}.Release|x86.Build.0 = Release|Win32
		{D4B493D7-087A-4436-B3A3-5DB401854544}.Debug|x64.ActiveCfg = Debug|x64
		{D4B493D7-087A-4436-B3A3-5DB401854544}.Debug|x64.Build.0 = Debug|x64
		{D4B493D7-087A-4436-B3A3-5DB401854544}.Debug|x86.ActiveCfg = Debug|Win32
		{D4B493D7-087A-4436-B3A3-5DB401854544}.Debug|x86.Build.0 = Debug|Win32
		{D4B493D7-087A-4436-B3A3-5DB401854544}.Release|x64.ActiveCfg = Release|x64
		{D4B493D7-087A-4436-B3A3-5DB401854544}.Release|x64.Build.0 = Release|x64
		{D4B493D7-087A-4436-B3A3-5DB401854544}.Release|x86.ActiveCfg = Release|Win32
		{D4B493D7-087A-4436-B3A3-5DB401854544}.Release|x86.Build.0 = Release|Win32
		{73FDBD15-0FAA-478A-9146-DB27014C5825}.Debug|x64.ActiveCfg = Debug|x64
		{73FDBD15-0FAA-478A-9146-DB27014C5825}.Debug|x64.Build.0 = Debug|x64
		{73FDBD15-0FAA-478A-9146-DB27014C5825}.Debug|x86.ActiveCfg = Debug|Win32
		{73FDBD15-0FAA-478A-9146-DB27014C5825}.Debug|x86.Build.0 = Debug|Win32
		{73FDBD15-0FAA-478A-9146-DB27014C5825}.Release|x64.ActiveCfg = Release|x64
		{73FDBD15-0FAA-478A-9146-DB27014C5825}.Release|x64.Build.0 = Release|x64
		{73FDBD15-0FAA-478A-9146-DB27014C5825}.Release|x86.ActiveCfg = Release|Win32
		{73FDBD15-0FAA-478A-9146-DB27014C5825}.Release|x86.Build.0 = Release|Win32
		{593BC95C-3D6F-4C78-89E4-240348545859}.Debug|x64.ActiveCfg = Debug|x64
		{593BC95C-3D6F-4C78-89E4-240348545859}.Debug|x64.Build.0 = Debug|x64
		{593BC95C-3D6F-4C78-89E4-240348545859}.Debug|x86.ActiveCfg = Debug|Win32
		{593BC95C-3D6F-4C78-89E4-240348545859}.Debug|x86.Build.0 = Debug|Win32
		{593BC95C-3D6F-4C78-89E4-240348545859}.Release|x64.ActiveCfg = Release|x64
		{593BC95C-3D6F-4C78-89E4-240348545859}.Release|x64.Build.0 = Release|x64
		{593BC95C-3D6F-4C78-89E4-240348545859}.Release|x86.ActiveCfg = Release|Win32
		{593BC95C-3D6F-4C78-89E4-240348545859}.Release|x86.Build.0 = Release|Win32
		{47110A7D-E22B-4E0A-886E-D21A530AF642}.Debug|x64.ActiveCfg = Debug|x64
		{47110A7D-E22B-4E0A-886E-D21A530AF642}.Debug|x64.Build.0 = Debug|x64
		{47110A7D-E22B-4E0A-886E-D21A530AF642}.Debug|x86.ActiveCfg = Debug|Win32
		{47110A7D-E22B-4E0A-886E-D21A530AF642}.Debug|x86.Build.0 = Debug|Win32
		{47110A7D-E22B-4E0A-886E-D21A530AF642}.Release|x64.ActiveCfg = Release|x64
		{47110A7D-E22B-4E0A-886E-D21A530AF642}.Release|x64.Build.0 = Release|x64
		{47110A7D-E22B-4E0A-886E-D21A530AF642}.Release|x86.ActiveCfg = Release|Win32
		{47110A7D-E22B-4E0A-886E-D21A530AF642}.Release|x86.Build.0 = Release|Win32
		{A5443F95-1CE8-4E8A-BBA2-4FD3B8DB945D}.Debug|x64.ActiveCfg = Debug|x64
		{A5443F95-1CE8-4E8A-BBA2-4FD3B8DB945D}.Debug|x64.Build.0 = Debug|x64
		{A5443F95-1CE8-4E8A-BBA2-4FD3B8DB945D}.Debug|x86.ActiveCfg = Debug|Win32
		{A5443F95-1CE8-4E8A-BBA2-4FD3B8DB945D}.Debug|x86.Build.0 = Debug|Win32
		{A5443F95-1CE8-4E8A-BBA2-4FD3B8DB945D}.Release|x64.ActiveCfg = Release|x64
		{A5443F95-1CE8-4E8A-BBA2-4FD3B8DB945D}.Release|x64.Build.0 = Release|x64
		{A5443F95-1CE8-4E8A-BBA2-4FD3B8DB945D}.Release|x86.ActiveCfg = Release|Win32
		{A5443F95-1CE8-4E8A-BBA2-4FD3B8DB945D}.Release|x86.Build.0 = Release|Win32
		{AB6DD421-D52D-49D5-9BFE-0F1D00A5F55E}.Debug|x64.ActiveCfg = Debug|x64
		{AB6DD421-D52D-49D5-9BFE-0F1D00A5F55E}.Debug|x64.Build.0 = Debug|x64
		{AB6DD421-D52D-49D5-9BFE-0F1D00A5F55E}.Debug|x86.ActiveCfg = Debug|Win32
		{AB6DD421-D52D-49D5-9BFE-0F1D00A5F55E}.Debug|x86.Build.0 = Debug|Win32
		{AB6DD421-D52D-49D5-9BFE-0F1D00A5F55E}.Release|x64.ActiveCfg = Release|x64
		{AB6DD421-D52D-49D5-9BFE-0F1D00A5F55E}.Release|x64.Build.0 = Release|x64
		{AB6DD421-D52D-49D5-9BFE-0F1D00A5F55E}.Release|x86.ActiveCfg = Release|Win32
		{AB6DD421-D52D-49D5-9BFE-0F1D00A5F55E}.Release|x86.Build.0 = Release|Win32
		{83D89207-1AB2-4A8C-B769-F6CCA7892A9C}.Debug|x64.ActiveCfg = Debug|x64
		{83D89207-1AB2-4A8C-B769-F6CCA7892A9C}.Debug|x64.Build.0 = Debug|x64
		{83D89207-1AB2-4A8C-B769-F6CCA7892A9C}.Debug|x86.ActiveCfg = Debug|Win32
		{83D89207-1AB2-4A8C-B769-F6CCA7892A9C}.Debug|x86.Build.0 = Debug|Win32
		{83D89207-1AB2-4A8C-B769-F6CCA7892A9C}.Release|x64.ActiveCfg = Release|x64
		{83D89207-1AB2-4A8C-B769-F6CCA7892A9C}.Release|x64.Build.0 = Release|x64
		{83D89207-1AB2-4A8C-B769-F6CCA7892A9C}.Release|x86.ActiveCfg = Release|Win32
		{83D89207-1AB2-4A8C-B769-F6CCA7892A9C}.Release|x86.Build.0 = Release|Win32
	EndGlobalSection
	GlobalSection(SolutionProperties) = preSolution
		HideSolutionNode = FALSE
	EndGlobalSection
EndGlobal
